
Microsoft Visual Studio Solution File, Format Version 12.00
# Visual Studio Version 17
VisualStudioVersion = 17.0.31903.59
MinimumVisualStudioVersion = 10.0.40219.1
Project("{2150E333-8FDC-42A3-9474-1A3956D46DE8}") = "src", "src", "{D38470E6-0480-4ACD-B26A-07AB933BCB48}"
EndProject
Project("{FAE04EC0-301F-11D3-BF4B-00C04F79EFBC}") = "LeadTracker.Api", "src\LeadTracker.Api\LeadTracker.Api.csproj", "{8352EE5C-7DB7-4861-814A-1849FFB55EE1}"
EndProject
Project("{FAE04EC0-301F-11D3-BF4B-00C04F79EFBC}") = "LeadTracker.Core", "src\LeadTracker.Core\LeadTracker.Core.csproj", "{704EC9D4-081F-4ECD-B796-F5677A5A1D7B}"
EndProject
Project("{FAE04EC0-301F-11D3-BF4B-00C04F79EFBC}") = "LeadTracker.Infrastructure", "src\LeadTracker.Infrastructure\LeadTracker.Infrastructure.csproj", "{E1B36E27-DA7F-47FD-A9B0-68B12DED530B}"
EndProject
Global
	GlobalSection(SolutionConfigurationPlatforms) = preSolution
		Debug|Any CPU = Debug|Any CPU
		Release|Any CPU = Release|Any CPU
	EndGlobalSection
	GlobalSection(SolutionProperties) = preSolution
		HideSolutionNode = FALSE
	EndGlobalSection
	GlobalSection(ProjectConfigurationPlatforms) = postSolution
		{8352EE5C-7DB7-4861-814A-1849FFB55EE1}.Debug|Any CPU.ActiveCfg = Debug|Any CPU
		{8352EE5C-7DB7-4861-814A-1849FFB55EE1}.Debug|Any CPU.Build.0 = Debug|Any CPU
		{8352EE5C-7DB7-4861-814A-1849FFB55EE1}.Release|Any CPU.ActiveCfg = Release|Any CPU
		{8352EE5C-7DB7-4861-814A-1849FFB55EE1}.Release|Any CPU.Build.0 = Release|Any CPU
		{704EC9D4-081F-4ECD-B796-F5677A5A1D7B}.Debug|Any CPU.ActiveCfg = Debug|Any CPU
		{704EC9D4-081F-4ECD-B796-F5677A5A1D7B}.Debug|Any CPU.Build.0 = Debug|Any CPU
		{704EC9D4-081F-4ECD-B796-F5677A5A1D7B}.Release|Any CPU.ActiveCfg = Release|Any CPU
		{704EC9D4-081F-4ECD-B796-F5677A5A1D7B}.Release|Any CPU.Build.0 = Release|Any CPU
		{E1B36E27-DA7F-47FD-A9B0-68B12DED530B}.Debug|Any CPU.ActiveCfg = Debug|Any CPU
		{E1B36E27-DA7F-47FD-A9B0-68B12DED530B}.Debug|Any CPU.Build.0 = Debug|Any CPU
		{E1B36E27-DA7F-47FD-A9B0-68B12DED530B}.Release|Any CPU.ActiveCfg = Release|Any CPU
		{E1B36E27-DA7F-47FD-A9B0-68B12DED530B}.Release|Any CPU.Build.0 = Release|Any CPU
	EndGlobalSection
	GlobalSection(NestedProjects) = preSolution
		{8352EE5C-7DB7-4861-814A-1849FFB55EE1} = {D38470E6-0480-4ACD-B26A-07AB933BCB48}
		{704EC9D4-081F-4ECD-B796-F5677A5A1D7B} = {D38470E6-0480-4ACD-B26A-07AB933BCB48}
		{E1B36E27-DA7F-47FD-A9B0-68B12DED530B} = {D38470E6-0480-4ACD-B26A-07AB933BCB48}
	EndGlobalSection
EndGlobal
